// !$*UTF8*$!
{
	archiveVersion = 1;
	classes = {
	};
	objectVersion = 50;
	objects = {

/* Begin PBXBuildFile section */
		8D20D2AD257AB7A00045D1A3 /* AppDelegate.swift in Sources */ = {isa = PBXBuildFile; fileRef = 8D20D2AC257AB7A00045D1A3 /* AppDelegate.swift */; };
		8D20D2AF257AB7A00045D1A3 /* SceneDelegate.swift in Sources */ = {isa = PBXBuildFile; fileRef = 8D20D2AE257AB7A00045D1A3 /* SceneDelegate.swift */; };
		8D20D2B1257AB7A00045D1A3 /* ViewController.swift in Sources */ = {isa = PBXBuildFile; fileRef = 8D20D2B0257AB7A00045D1A3 /* ViewController.swift */; };
		8D20D2B4257AB7A00045D1A3 /* Main.storyboard in Resources */ = {isa = PBXBuildFile; fileRef = 8D20D2B2257AB7A00045D1A3 /* Main.storyboard */; };
		8D20D2B6257AB7A10045D1A3 /* Assets.xcassets in Resources */ = {isa = PBXBuildFile; fileRef = 8D20D2B5257AB7A10045D1A3 /* Assets.xcassets */; };
		8D20D2B9257AB7A10045D1A3 /* LaunchScreen.storyboard in Resources */ = {isa = PBXBuildFile; fileRef = 8D20D2B7257AB7A10045D1A3 /* LaunchScreen.storyboard */; };
		8D20D2CD257AC12F0045D1A3 /* Monaco.png in Resources */ = {isa = PBXBuildFile; fileRef = 8D20D2C1257AC12E0045D1A3 /* Monaco.png */; };
		8D20D2CE257AC12F0045D1A3 /* Nigeria.png in Resources */ = {isa = PBXBuildFile; fileRef = 8D20D2C2257AC12E0045D1A3 /* Nigeria.png */; };
		8D20D2CF257AC12F0045D1A3 /* France.png in Resources */ = {isa = PBXBuildFile; fileRef = 8D20D2C3257AC12E0045D1A3 /* France.png */; };
		8D20D2D0257AC12F0045D1A3 /* Poland.png in Resources */ = {isa = PBXBuildFile; fileRef = 8D20D2C4257AC12E0045D1A3 /* Poland.png */; };
		8D20D2D1257AC12F0045D1A3 /* Russia.png in Resources */ = {isa = PBXBuildFile; fileRef = 8D20D2C5257AC12E0045D1A3 /* Russia.png */; };
		8D20D2D2257AC12F0045D1A3 /* Spain.png in Resources */ = {isa = PBXBuildFile; fileRef = 8D20D2C6257AC12E0045D1A3 /* Spain.png */; };
		8D20D2D3257AC12F0045D1A3 /* UK.png in Resources */ = {isa = PBXBuildFile; fileRef = 8D20D2C7257AC12E0045D1A3 /* UK.png */; };
		8D20D2D4257AC12F0045D1A3 /* Italy.png in Resources */ = {isa = PBXBuildFile; fileRef = 8D20D2C8257AC12E0045D1A3 /* Italy.png */; };
		8D20D2D5257AC12F0045D1A3 /* Ireland.png in Resources */ = {isa = PBXBuildFile; fileRef = 8D20D2C9257AC12E0045D1A3 /* Ireland.png */; };
		8D20D2D6257AC12F0045D1A3 /* US.png in Resources */ = {isa = PBXBuildFile; fileRef = 8D20D2CA257AC12E0045D1A3 /* US.png */; };
		8D20D2D7257AC12F0045D1A3 /* Germany.png in Resources */ = {isa = PBXBuildFile; fileRef = 8D20D2CB257AC12E0045D1A3 /* Germany.png */; };
		8D20D2D8257AC12F0045D1A3 /* Estonia.png in Resources */ = {isa = PBXBuildFile; fileRef = 8D20D2CC257AC12E0045D1A3 /* Estonia.png */; };
		8D20D2DB257ACCA70045D1A3 /* FlagViewController.swift in Sources */ = {isa = PBXBuildFile; fileRef = 8D20D2DA257ACCA70045D1A3 /* FlagViewController.swift */; };
/* End PBXBuildFile section */

/* Begin PBXFileReference section */
		8D20D2A9257AB7A00045D1A3 /* FlagView.app */ = {isa = PBXFileReference; explicitFileType = wrapper.application; includeInIndex = 0; path = FlagView.app; sourceTree = BUILT_PRODUCTS_DIR; };
		8D20D2AC257AB7A00045D1A3 /* AppDelegate.swift */ = {isa = PBXFileReference; lastKnownFileType = sourcecode.swift; path = AppDelegate.swift; sourceTree = "<group>"; };
		8D20D2AE257AB7A00045D1A3 /* SceneDelegate.swift */ = {isa = PBXFileReference; lastKnownFileType = sourcecode.swift; path = SceneDelegate.swift; sourceTree = "<group>"; };
		8D20D2B0257AB7A00045D1A3 /* ViewController.swift */ = {isa = PBXFileReference; lastKnownFileType = sourcecode.swift; path = ViewController.swift; sourceTree = "<group>"; };
		8D20D2B3257AB7A00045D1A3 /* Base */ = {isa = PBXFileReference; lastKnownFileType = file.storyboard; name = Base; path = Base.lproj/Main.storyboard; sourceTree = "<group>"; };
		8D20D2B5257AB7A10045D1A3 /* Assets.xcassets */ = {isa = PBXFileReference; lastKnownFileType = folder.assetcatalog; path = Assets.xcassets; sourceTree = "<group>"; };
		8D20D2B8257AB7A10045D1A3 /* Base */ = {isa = PBXFileReference; lastKnownFileType = file.storyboard; name = Base; path = Base.lproj/LaunchScreen.storyboard; sourceTree = "<group>"; };
		8D20D2BA257AB7A10045D1A3 /* Info.plist */ = {isa = PBXFileReference; lastKnownFileType = text.plist.xml; path = Info.plist; sourceTree = "<group>"; };
		8D20D2C1257AC12E0045D1A3 /* Monaco.png */ = {isa = PBXFileReference; lastKnownFileType = image.png; path = Monaco.png; sourceTree = "<group>"; };
		8D20D2C2257AC12E0045D1A3 /* Nigeria.png */ = {isa = PBXFileReference; lastKnownFileType = image.png; path = Nigeria.png; sourceTree = "<group>"; };
		8D20D2C3257AC12E0045D1A3 /* France.png */ = {isa = PBXFileReference; lastKnownFileType = image.png; path = France.png; sourceTree = "<group>"; };
		8D20D2C4257AC12E0045D1A3 /* Poland.png */ = {isa = PBXFileReference; lastKnownFileType = image.png; path = Poland.png; sourceTree = "<group>"; };
		8D20D2C5257AC12E0045D1A3 /* Russia.png */ = {isa = PBXFileReference; lastKnownFileType = image.png; path = Russia.png; sourceTree = "<group>"; };
		8D20D2C6257AC12E0045D1A3 /* Spain.png */ = {isa = PBXFileReference; lastKnownFileType = image.png; path = Spain.png; sourceTree = "<group>"; };
		8D20D2C7257AC12E0045D1A3 /* UK.png */ = {isa = PBXFileReference; lastKnownFileType = image.png; path = UK.png; sourceTree = "<group>"; };
		8D20D2C8257AC12E0045D1A3 /* Italy.png */ = {isa = PBXFileReference; lastKnownFileType = image.png; path = Italy.png; sourceTree = "<group>"; };
		8D20D2C9257AC12E0045D1A3 /* Ireland.png */ = {isa = PBXFileReference; lastKnownFileType = image.png; path = Ireland.png; sourceTree = "<group>"; };
		8D20D2CA257AC12E0045D1A3 /* US.png */ = {isa = PBXFileReference; lastKnownFileType = image.png; path = US.png; sourceTree = "<group>"; };
		8D20D2CB257AC12E0045D1A3 /* Germany.png */ = {isa = PBXFileReference; lastKnownFileType = image.png; path = Germany.png; sourceTree = "<group>"; };
		8D20D2CC257AC12E0045D1A3 /* Estonia.png */ = {isa = PBXFileReference; lastKnownFileType = image.png; path = Estonia.png; sourceTree = "<group>"; };
		8D20D2DA257ACCA70045D1A3 /* FlagViewController.swift */ = {isa = PBXFileReference; lastKnownFileType = sourcecode.swift; path = FlagViewController.swift; sourceTree = "<group>"; };
/* End PBXFileReference section */

/* Begin PBXFrameworksBuildPhase section */
		8D20D2A6257AB7A00045D1A3 /* Frameworks */ = {
			isa = PBXFrameworksBuildPhase;
			buildActionMask = 2147483647;
			files = (
			);
			runOnlyForDeploymentPostprocessing = 0;
		};
/* End PBXFrameworksBuildPhase section */

/* Begin PBXGroup section */
		8D20D2A0257AB7A00045D1A3 = {
			isa = PBXGroup;
			children = (
				8D20D2AB257AB7A00045D1A3 /* FlagView */,
				8D20D2AA257AB7A00045D1A3 /* Products */,
			);
			sourceTree = "<group>";
		};
		8D20D2AA257AB7A00045D1A3 /* Products */ = {
			isa = PBXGroup;
			children = (
				8D20D2A9257AB7A00045D1A3 /* FlagView.app */,
			);
			name = Products;
			sourceTree = "<group>";
		};
		8D20D2AB257AB7A00045D1A3 /* FlagView */ = {
			isa = PBXGroup;
			children = (
				8D20D2AC257AB7A00045D1A3 /* AppDelegate.swift */,
				8D20D2AE257AB7A00045D1A3 /* SceneDelegate.swift */,
				8D20D2B0257AB7A00045D1A3 /* ViewController.swift */,
				8D20D2DA257ACCA70045D1A3 /* FlagViewController.swift */,
				8D20D2B2257AB7A00045D1A3 /* Main.storyboard */,
				8D20D2B5257AB7A10045D1A3 /* Assets.xcassets */,
				8D20D2B7257AB7A10045D1A3 /* LaunchScreen.storyboard */,
				8D20D2BA257AB7A10045D1A3 /* Info.plist */,
				8D20D2CC257AC12E0045D1A3 /* Estonia.png */,
				8D20D2C3257AC12E0045D1A3 /* France.png */,
				8D20D2CB257AC12E0045D1A3 /* Germany.png */,
				8D20D2C9257AC12E0045D1A3 /* Ireland.png */,
				8D20D2C8257AC12E0045D1A3 /* Italy.png */,
				8D20D2C1257AC12E0045D1A3 /* Monaco.png */,
				8D20D2C2257AC12E0045D1A3 /* Nigeria.png */,
				8D20D2C4257AC12E0045D1A3 /* Poland.png */,
				8D20D2C5257AC12E0045D1A3 /* Russia.png */,
				8D20D2C6257AC12E0045D1A3 /* Spain.png */,
				8D20D2C7257AC12E0045D1A3 /* UK.png */,
				8D20D2CA257AC12E0045D1A3 /* US.png */,
			);
			path = FlagView;
			sourceTree = "<group>";
		};
/* End PBXGroup section */

/* Begin PBXNativeTarget section */
		8D20D2A8257AB7A00045D1A3 /* FlagView */ = {
			isa = PBXNativeTarget;
			buildConfigurationList = 8D20D2BD257AB7A10045D1A3 /* Build configuration list for PBXNativeTarget "FlagView" */;
			buildPhases = (
				8D20D2A5257AB7A00045D1A3 /* Sources */,
				8D20D2A6257AB7A00045D1A3 /* Frameworks */,
				8D20D2A7257AB7A00045D1A3 /* Resources */,
			);
			buildRules = (
			);
			dependencies = (
			);
			name = FlagView;
			productName = FlagView;
			productReference = 8D20D2A9257AB7A00045D1A3 /* FlagView.app */;
			productType = "com.apple.product-type.application";
		};
/* End PBXNativeTarget section */

/* Begin PBXProject section */
		8D20D2A1257AB7A00045D1A3 /* Project object */ = {
			isa = PBXProject;
			attributes = {
				LastSwiftUpdateCheck = 1220;
				LastUpgradeCheck = 1220;
				TargetAttributes = {
					8D20D2A8257AB7A00045D1A3 = {
						CreatedOnToolsVersion = 12.2;
					};
				};
			};
			buildConfigurationList = 8D20D2A4257AB7A00045D1A3 /* Build configuration list for PBXProject "FlagView" */;
			compatibilityVersion = "Xcode 9.3";
			developmentRegion = en;
			hasScannedForEncodings = 0;
			knownRegions = (
				en,
				Base,
			);
			mainGroup = 8D20D2A0257AB7A00045D1A3;
			productRefGroup = 8D20D2AA257AB7A00045D1A3 /* Products */;
			projectDirPath = "";
			projectRoot = "";
			targets = (
				8D20D2A8257AB7A00045D1A3 /* FlagView */,
			);
		};
/* End PBXProject section */

/* Begin PBXResourcesBuildPhase section */
		8D20D2A7257AB7A00045D1A3 /* Resources */ = {
			isa = PBXResourcesBuildPhase;
			buildActionMask = 2147483647;
			files = (
				8D20D2D6257AC12F0045D1A3 /* US.png in Resources */,
				8D20D2B9257AB7A10045D1A3 /* LaunchScreen.storyboard in Resources */,
				8D20D2B6257AB7A10045D1A3 /* Assets.xcassets in Resources */,
				8D20D2D7257AC12F0045D1A3 /* Germany.png in Resources */,
				8D20D2CE257AC12F0045D1A3 /* Nigeria.png in Resources */,
				8D20D2D0257AC12F0045D1A3 /* Poland.png in Resources */,
				8D20D2D1257AC12F0045D1A3 /* Russia.png in Resources */,
				8D20D2D3257AC12F0045D1A3 /* UK.png in Resources */,
				8D20D2CD257AC12F0045D1A3 /* Monaco.png in Resources */,
				8D20D2D4257AC12F0045D1A3 /* Italy.png in Resources */,
				8D20D2D8257AC12F0045D1A3 /* Estonia.png in Resources */,
				8D20D2CF257AC12F0045D1A3 /* France.png in Resources */,
				8D20D2D5257AC12F0045D1A3 /* Ireland.png in Resources */,
				8D20D2B4257AB7A00045D1A3 /* Main.storyboard in Resources */,
				8D20D2D2257AC12F0045D1A3 /* Spain.png in Resources */,
			);
			runOnlyForDeploymentPostprocessing = 0;
		};
/* End PBXResourcesBuildPhase section */

/* Begin PBXSourcesBuildPhase section */
		8D20D2A5257AB7A00045D1A3 /* Sources */ = {
			isa = PBXSourcesBuildPhase;
			buildActionMask = 2147483647;
			files = (
				8D20D2DB257ACCA70045D1A3 /* FlagViewController.swift in Sources */,
				8D20D2B1257AB7A00045D1A3 /* ViewController.swift in Sources */,
				8D20D2AD257AB7A00045D1A3 /* AppDelegate.swift in Sources */,
				8D20D2AF257AB7A00045D1A3 /* SceneDelegate.swift in Sources */,
			);
			runOnlyForDeploymentPostprocessing = 0;
		};
/* End PBXSourcesBuildPhase section */

/* Begin PBXVariantGroup section */
		8D20D2B2257AB7A00045D1A3 /* Main.storyboard */ = {
			isa = PBXVariantGroup;
			children = (
				8D20D2B3257AB7A00045D1A3 /* Base */,
			);
			name = Main.storyboard;
			sourceTree = "<group>";
		};
		8D20D2B7257AB7A10045D1A3 /* LaunchScreen.storyboard */ = {
			isa = PBXVariantGroup;
			children = (
				8D20D2B8257AB7A10045D1A3 /* Base */,
			);
			name = LaunchScreen.storyboard;
			sourceTree = "<group>";
		};
/* End PBXVariantGroup section */

/* Begin XCBuildConfiguration section */
		8D20D2BB257AB7A10045D1A3 /* Debug */ = {
			isa = XCBuildConfiguration;
			buildSettings = {
				ALWAYS_SEARCH_USER_PATHS = NO;
				CLANG_ANALYZER_NONNULL = YES;
				CLANG_ANALYZER_NUMBER_OBJECT_CONVERSION = YES_AGGRESSIVE;
				CLANG_CXX_LANGUAGE_STANDARD = "gnu++14";
				CLANG_CXX_LIBRARY = "libc++";
				CLANG_ENABLE_MODULES = YES;
				CLANG_ENABLE_OBJC_ARC = YES;
				CLANG_ENABLE_OBJC_WEAK = YES;
				CLANG_WARN_BLOCK_CAPTURE_AUTORELEASING = YES;
				CLANG_WARN_BOOL_CONVERSION = YES;
				CLANG_WARN_COMMA = YES;
				CLANG_WARN_CONSTANT_CONVERSION = YES;
				CLANG_WARN_DEPRECATED_OBJC_IMPLEMENTATIONS = YES;
				CLANG_WARN_DIRECT_OBJC_ISA_USAGE = YES_ERROR;
				CLANG_WARN_DOCUMENTATION_COMMENTS = YES;
				CLANG_WARN_EMPTY_BODY = YES;
				CLANG_WARN_ENUM_CONVERSION = YES;
				CLANG_WARN_INFINITE_RECURSION = YES;
				CLANG_WARN_INT_CONVERSION = YES;
				CLANG_WARN_NON_LITERAL_NULL_CONVERSION = YES;
				CLANG_WARN_OBJC_IMPLICIT_RETAIN_SELF = YES;
				CLANG_WARN_OBJC_LITERAL_CONVERSION = YES;
				CLANG_WARN_OBJC_ROOT_CLASS = YES_ERROR;
				CLANG_WARN_QUOTED_INCLUDE_IN_FRAMEWORK_HEADER = YES;
				CLANG_WARN_RANGE_LOOP_ANALYSIS = YES;
				CLANG_WARN_STRICT_PROTOTYPES = YES;
				CLANG_WARN_SUSPICIOUS_MOVE = YES;
				CLANG_WARN_UNGUARDED_AVAILABILITY = YES_AGGRESSIVE;
				CLANG_WARN_UNREACHABLE_CODE = YES;
				CLANG_WARN__DUPLICATE_METHOD_MATCH = YES;
				COPY_PHASE_STRIP = NO;
				DEBUG_INFORMATION_FORMAT = dwarf;
				ENABLE_STRICT_OBJC_MSGSEND = YES;
				ENABLE_TESTABILITY = YES;
				GCC_C_LANGUAGE_STANDARD = gnu11;
				GCC_DYNAMIC_NO_PIC = NO;
				GCC_NO_COMMON_BLOCKS = YES;
				GCC_OPTIMIZATION_LEVEL = 0;
				GCC_PREPROCESSOR_DEFINITIONS = (
					"DEBUG=1",
					"$(inherited)",
				);
				GCC_WARN_64_TO_32_BIT_CONVERSION = YES;
				GCC_WARN_ABOUT_RETURN_TYPE = YES_ERROR;
				GCC_WARN_UNDECLARED_SELECTOR = YES;
				GCC_WARN_UNINITIALIZED_AUTOS = YES_AGGRESSIVE;
				GCC_WARN_UNUSED_FUNCTION = YES;
				GCC_WARN_UNUSED_VARIABLE = YES;
				IPHONEOS_DEPLOYMENT_TARGET = 14.2;
				MTL_ENABLE_DEBUG_INFO = INCLUDE_SOURCE;
				MTL_FAST_MATH = YES;
				ONLY_ACTIVE_ARCH = YES;
				SDKROOT = iphoneos;
				SWIFT_ACTIVE_COMPILATION_CONDITIONS = DEBUG;
				SWIFT_OPTIMIZATION_LEVEL = "-Onone";
			};
			name = Debug;
		};
		8D20D2BC257AB7A10045D1A3 /* Release */ = {
			isa = XCBuildConfiguration;
			buildSettings = {
				ALWAYS_SEARCH_USER_PATHS = NO;
				CLANG_ANALYZER_NONNULL = YES;
				CLANG_ANALYZER_NUMBER_OBJECT_CONVERSION = YES_AGGRESSIVE;
				CLANG_CXX_LANGUAGE_STANDARD = "gnu++14";
				CLANG_CXX_LIBRARY = "libc++";
				CLANG_ENABLE_MODULES = YES;
				CLANG_ENABLE_OBJC_ARC = YES;
				CLANG_ENABLE_OBJC_WEAK = YES;
				CLANG_WARN_BLOCK_CAPTURE_AUTORELEASING = YES;
				CLANG_WARN_BOOL_CONVERSION = YES;
				CLANG_WARN_COMMA = YES;
				CLANG_WARN_CONSTANT_CONVERSION = YES;
				CLANG_WARN_DEPRECATED_OBJC_IMPLEMENTATIONS = YES;
				CLANG_WARN_DIRECT_OBJC_ISA_USAGE = YES_ERROR;
				CLANG_WARN_DOCUMENTATION_COMMENTS = YES;
				CLANG_WARN_EMPTY_BODY = YES;
				CLANG_WARN_ENUM_CONVERSION = YES;
				CLANG_WARN_INFINITE_RECURSION = YES;
				CLANG_WARN_INT_CONVERSION = YES;
				CLANG_WARN_NON_LITERAL_NULL_CONVERSION = YES;
				CLANG_WARN_OBJC_IMPLICIT_RETAIN_SELF = YES;
				CLANG_WARN_OBJC_LITERAL_CONVERSION = YES;
				CLANG_WARN_OBJC_ROOT_CLASS = YES_ERROR;
				CLANG_WARN_QUOTED_INCLUDE_IN_FRAMEWORK_HEADER = YES;
				CLANG_WARN_RANGE_LOOP_ANALYSIS = YES;
				CLANG_WARN_STRICT_PROTOTYPES = YES;
				CLANG_WARN_SUSPICIOUS_MOVE = YES;
				CLANG_WARN_UNGUARDED_AVAILABILITY = YES_AGGRESSIVE;
				CLANG_WARN_UNREACHABLE_CODE = YES;
				CLANG_WARN__DUPLICATE_METHOD_MATCH = YES;
				COPY_PHASE_STRIP = NO;
				DEBUG_INFORMATION_FORMAT = "dwarf-with-dsym";
				ENABLE_NS_ASSERTIONS = NO;
				ENABLE_STRICT_OBJC_MSGSEND = YES;
				GCC_C_LANGUAGE_STANDARD = gnu11;
				GCC_NO_COMMON_BLOCKS = YES;
				GCC_WARN_64_TO_32_BIT_CONVERSION = YES;
				GCC_WARN_ABOUT_RETURN_TYPE = YES_ERROR;
				GCC_WARN_UNDECLARED_SELECTOR = YES;
				GCC_WARN_UNINITIALIZED_AUTOS = YES_AGGRESSIVE;
				GCC_WARN_UNUSED_FUNCTION = YES;
				GCC_WARN_UNUSED_VARIABLE = YES;
				IPHONEOS_DEPLOYMENT_TARGET = 14.2;
				MTL_ENABLE_DEBUG_INFO = NO;
				MTL_FAST_MATH = YES;
				SDKROOT = iphoneos;
				SWIFT_COMPILATION_MODE = wholemodule;
				SWIFT_OPTIMIZATION_LEVEL = "-O";
				VALIDATE_PRODUCT = YES;
			};
			name = Release;
		};
		8D20D2BE257AB7A10045D1A3 /* Debug */ = {
			isa = XCBuildConfiguration;
			buildSettings = {
				ASSETCATALOG_COMPILER_APPICON_NAME = AppIcon;
				ASSETCATALOG_COMPILER_GLOBAL_ACCENT_COLOR_NAME = AccentColor;
				CODE_SIGN_STYLE = Automatic;
				DEVELOPMENT_TEAM = W59YFRW7LJ;
				INFOPLIST_FILE = FlagView/Info.plist;
				LD_RUNPATH_SEARCH_PATHS = (
					"$(inherited)",
					"@executable_path/Frameworks",
				);
				PRODUCT_BUNDLE_IDENTIFIER = com.example.FlagView;
				PRODUCT_NAME = "$(TARGET_NAME)";
				SWIFT_VERSION = 5.0;
				TARGETED_DEVICE_FAMILY = "1,2";
			};
			name = Debug;
		};
		8D20D2BF257AB7A10045D1A3 /* Release */ = {
			isa = XCBuildConfiguration;
			buildSettings = {
				ASSETCATALOG_COMPILER_APPICON_NAME = AppIcon;
				ASSETCATALOG_COMPILER_GLOBAL_ACCENT_COLOR_NAME = AccentColor;
				CODE_SIGN_STYLE = Automatic;
				DEVELOPMENT_TEAM = W59YFRW7LJ;
				INFOPLIST_FILE = FlagView/Info.plist;
				LD_RUNPATH_SEARCH_PATHS = (
					"$(inherited)",
					"@executable_path/Frameworks",
				);
				PRODUCT_BUNDLE_IDENTIFIER = com.example.FlagView;
				PRODUCT_NAME = "$(TARGET_NAME)";
				SWIFT_VERSION = 5.0;
				TARGETED_DEVICE_FAMILY = "1,2";
			};
			name = Release;
		};
/* End XCBuildConfiguration section */

/* Begin XCConfigurationList section */
		8D20D2A4257AB7A00045D1A3 /* Build configuration list for PBXProject "FlagView" */ = {
			isa = XCConfigurationList;
			buildConfigurations = (
				8D20D2BB257AB7A10045D1A3 /* Debug */,
				8D20D2BC257AB7A10045D1A3 /* Release */,
			);
			defaultConfigurationIsVisible = 0;
			defaultConfigurationName = Release;
		};
		8D20D2BD257AB7A10045D1A3 /* Build configuration list for PBXNativeTarget "FlagView" */ = {
			isa = XCConfigurationList;
			buildConfigurations = (
				8D20D2BE257AB7A10045D1A3 /* Debug */,
				8D20D2BF257AB7A10045D1A3 /* Release */,
			);
			defaultConfigurationIsVisible = 0;
			defaultConfigurationName = Release;
		};
/* End XCConfigurationList section */
	};
	rootObject = 8D20D2A1257AB7A00045D1A3 /* Project object */;
}
