// !$*UTF8*$!
{
	archiveVersion = 1;
	classes = {
	};
	objectVersion = 50;
	objects = {

/* Begin PBXBuildFile section */
		8D472A1A25B4D502005FF927 /* AppDelegate.swift in Sources */ = {isa = PBXBuildFile; fileRef = 8D472A1925B4D502005FF927 /* AppDelegate.swift */; };
		8D472A1C25B4D502005FF927 /* SceneDelegate.swift in Sources */ = {isa = PBXBuildFile; fileRef = 8D472A1B25B4D502005FF927 /* SceneDelegate.swift */; };
		8D472A1E25B4D502005FF927 /* ViewController.swift in Sources */ = {isa = PBXBuildFile; fileRef = 8D472A1D25B4D502005FF927 /* ViewController.swift */; };
		8D472A2125B4D502005FF927 /* Main.storyboard in Resources */ = {isa = PBXBuildFile; fileRef = 8D472A1F25B4D502005FF927 /* Main.storyboard */; };
		8D472A2325B4D502005FF927 /* Assets.xcassets in Resources */ = {isa = PBXBuildFile; fileRef = 8D472A2225B4D502005FF927 /* Assets.xcassets */; };
		8D472A2625B4D502005FF927 /* LaunchScreen.storyboard in Resources */ = {isa = PBXBuildFile; fileRef = 8D472A2425B4D502005FF927 /* LaunchScreen.storyboard */; };
		8D472A3525B4D6A2005FF927 /* Media.xcassets in Resources */ = {isa = PBXBuildFile; fileRef = 8D472A3425B4D6A2005FF927 /* Media.xcassets */; };
		8D472A3725B4D6A2005FF927 /* ActionViewController.swift in Sources */ = {isa = PBXBuildFile; fileRef = 8D472A3625B4D6A2005FF927 /* ActionViewController.swift */; };
		8D472A3A25B4D6A2005FF927 /* MainInterface.storyboard in Resources */ = {isa = PBXBuildFile; fileRef = 8D472A3825B4D6A2005FF927 /* MainInterface.storyboard */; };
		8D472A3E25B4D6A2005FF927 /* Extension.appex in Embed App Extensions */ = {isa = PBXBuildFile; fileRef = 8D472A3225B4D6A1005FF927 /* Extension.appex */; settings = {ATTRIBUTES = (RemoveHeadersOnCopy, ); }; };
		8D472A4625B4DBC9005FF927 /* Action.js in Resources */ = {isa = PBXBuildFile; fileRef = 8D472A4525B4DBC9005FF927 /* Action.js */; };
/* End PBXBuildFile section */

/* Begin PBXContainerItemProxy section */
		8D472A3C25B4D6A2005FF927 /* PBXContainerItemProxy */ = {
			isa = PBXContainerItemProxy;
			containerPortal = 8D472A0E25B4D502005FF927 /* Project object */;
			proxyType = 1;
			remoteGlobalIDString = 8D472A3125B4D6A1005FF927;
			remoteInfo = Extension;
		};
/* End PBXContainerItemProxy section */

/* Begin PBXCopyFilesBuildPhase section */
		8D472A4225B4D6A2005FF927 /* Embed App Extensions */ = {
			isa = PBXCopyFilesBuildPhase;
			buildActionMask = 2147483647;
			dstPath = "";
			dstSubfolderSpec = 13;
			files = (
				8D472A3E25B4D6A2005FF927 /* Extension.appex in Embed App Extensions */,
			);
			name = "Embed App Extensions";
			runOnlyForDeploymentPostprocessing = 0;
		};
/* End PBXCopyFilesBuildPhase section */

/* Begin PBXFileReference section */
		8D472A1625B4D502005FF927 /* Project19.app */ = {isa = PBXFileReference; explicitFileType = wrapper.application; includeInIndex = 0; path = Project19.app; sourceTree = BUILT_PRODUCTS_DIR; };
		8D472A1925B4D502005FF927 /* AppDelegate.swift */ = {isa = PBXFileReference; lastKnownFileType = sourcecode.swift; path = AppDelegate.swift; sourceTree = "<group>"; };
		8D472A1B25B4D502005FF927 /* SceneDelegate.swift */ = {isa = PBXFileReference; lastKnownFileType = sourcecode.swift; path = SceneDelegate.swift; sourceTree = "<group>"; };
		8D472A1D25B4D502005FF927 /* ViewController.swift */ = {isa = PBXFileReference; lastKnownFileType = sourcecode.swift; path = ViewController.swift; sourceTree = "<group>"; };
		8D472A2025B4D502005FF927 /* Base */ = {isa = PBXFileReference; lastKnownFileType = file.storyboard; name = Base; path = Base.lproj/Main.storyboard; sourceTree = "<group>"; };
		8D472A2225B4D502005FF927 /* Assets.xcassets */ = {isa = PBXFileReference; lastKnownFileType = folder.assetcatalog; path = Assets.xcassets; sourceTree = "<group>"; };
		8D472A2525B4D502005FF927 /* Base */ = {isa = PBXFileReference; lastKnownFileType = file.storyboard; name = Base; path = Base.lproj/LaunchScreen.storyboard; sourceTree = "<group>"; };
		8D472A2725B4D502005FF927 /* Info.plist */ = {isa = PBXFileReference; lastKnownFileType = text.plist.xml; path = Info.plist; sourceTree = "<group>"; };
		8D472A3225B4D6A1005FF927 /* Extension.appex */ = {isa = PBXFileReference; explicitFileType = "wrapper.app-extension"; includeInIndex = 0; path = Extension.appex; sourceTree = BUILT_PRODUCTS_DIR; };
		8D472A3425B4D6A2005FF927 /* Media.xcassets */ = {isa = PBXFileReference; lastKnownFileType = folder.assetcatalog; path = Media.xcassets; sourceTree = "<group>"; };
		8D472A3625B4D6A2005FF927 /* ActionViewController.swift */ = {isa = PBXFileReference; lastKnownFileType = sourcecode.swift; path = ActionViewController.swift; sourceTree = "<group>"; };
		8D472A3925B4D6A2005FF927 /* Base */ = {isa = PBXFileReference; lastKnownFileType = file.storyboard; name = Base; path = Base.lproj/MainInterface.storyboard; sourceTree = "<group>"; };
		8D472A3B25B4D6A2005FF927 /* Info.plist */ = {isa = PBXFileReference; lastKnownFileType = text.plist.xml; path = Info.plist; sourceTree = "<group>"; };
		8D472A4525B4DBC9005FF927 /* Action.js */ = {isa = PBXFileReference; lastKnownFileType = sourcecode.javascript; path = Action.js; sourceTree = "<group>"; };
/* End PBXFileReference section */

/* Begin PBXFrameworksBuildPhase section */
		8D472A1325B4D502005FF927 /* Frameworks */ = {
			isa = PBXFrameworksBuildPhase;
			buildActionMask = 2147483647;
			files = (
			);
			runOnlyForDeploymentPostprocessing = 0;
		};
		8D472A2F25B4D6A1005FF927 /* Frameworks */ = {
			isa = PBXFrameworksBuildPhase;
			buildActionMask = 2147483647;
			files = (
			);
			runOnlyForDeploymentPostprocessing = 0;
		};
/* End PBXFrameworksBuildPhase section */

/* Begin PBXGroup section */
		8D472A0D25B4D502005FF927 = {
			isa = PBXGroup;
			children = (
				8D472A1825B4D502005FF927 /* Project19 */,
				8D472A3325B4D6A1005FF927 /* Extension */,
				8D472A1725B4D502005FF927 /* Products */,
			);
			sourceTree = "<group>";
		};
		8D472A1725B4D502005FF927 /* Products */ = {
			isa = PBXGroup;
			children = (
				8D472A1625B4D502005FF927 /* Project19.app */,
				8D472A3225B4D6A1005FF927 /* Extension.appex */,
			);
			name = Products;
			sourceTree = "<group>";
		};
		8D472A1825B4D502005FF927 /* Project19 */ = {
			isa = PBXGroup;
			children = (
				8D472A1925B4D502005FF927 /* AppDelegate.swift */,
				8D472A1B25B4D502005FF927 /* SceneDelegate.swift */,
				8D472A1D25B4D502005FF927 /* ViewController.swift */,
				8D472A1F25B4D502005FF927 /* Main.storyboard */,
				8D472A2225B4D502005FF927 /* Assets.xcassets */,
				8D472A2425B4D502005FF927 /* LaunchScreen.storyboard */,
				8D472A2725B4D502005FF927 /* Info.plist */,
			);
			path = Project19;
			sourceTree = "<group>";
		};
		8D472A3325B4D6A1005FF927 /* Extension */ = {
			isa = PBXGroup;
			children = (
				8D472A3425B4D6A2005FF927 /* Media.xcassets */,
				8D472A3625B4D6A2005FF927 /* ActionViewController.swift */,
				8D472A3825B4D6A2005FF927 /* MainInterface.storyboard */,
				8D472A3B25B4D6A2005FF927 /* Info.plist */,
				8D472A4525B4DBC9005FF927 /* Action.js */,
			);
			path = Extension;
			sourceTree = "<group>";
		};
/* End PBXGroup section */

/* Begin PBXNativeTarget section */
		8D472A1525B4D502005FF927 /* Project19 */ = {
			isa = PBXNativeTarget;
			buildConfigurationList = 8D472A2A25B4D502005FF927 /* Build configuration list for PBXNativeTarget "Project19" */;
			buildPhases = (
				8D472A1225B4D502005FF927 /* Sources */,
				8D472A1325B4D502005FF927 /* Frameworks */,
				8D472A1425B4D502005FF927 /* Resources */,
				8D472A4225B4D6A2005FF927 /* Embed App Extensions */,
			);
			buildRules = (
			);
			dependencies = (
				8D472A3D25B4D6A2005FF927 /* PBXTargetDependency */,
			);
			name = Project19;
			productName = Project19;
			productReference = 8D472A1625B4D502005FF927 /* Project19.app */;
			productType = "com.apple.product-type.application";
		};
		8D472A3125B4D6A1005FF927 /* Extension */ = {
			isa = PBXNativeTarget;
			buildConfigurationList = 8D472A3F25B4D6A2005FF927 /* Build configuration list for PBXNativeTarget "Extension" */;
			buildPhases = (
				8D472A2E25B4D6A1005FF927 /* Sources */,
				8D472A2F25B4D6A1005FF927 /* Frameworks */,
				8D472A3025B4D6A1005FF927 /* Resources */,
			);
			buildRules = (
			);
			dependencies = (
			);
			name = Extension;
			productName = Extension;
			productReference = 8D472A3225B4D6A1005FF927 /* Extension.appex */;
			productType = "com.apple.product-type.app-extension";
		};
/* End PBXNativeTarget section */

/* Begin PBXProject section */
		8D472A0E25B4D502005FF927 /* Project object */ = {
			isa = PBXProject;
			attributes = {
				LastSwiftUpdateCheck = 1230;
				LastUpgradeCheck = 1230;
				TargetAttributes = {
					8D472A1525B4D502005FF927 = {
						CreatedOnToolsVersion = 12.3;
					};
					8D472A3125B4D6A1005FF927 = {
						CreatedOnToolsVersion = 12.3;
					};
				};
			};
			buildConfigurationList = 8D472A1125B4D502005FF927 /* Build configuration list for PBXProject "Project19" */;
			compatibilityVersion = "Xcode 9.3";
			developmentRegion = en;
			hasScannedForEncodings = 0;
			knownRegions = (
				en,
				Base,
			);
			mainGroup = 8D472A0D25B4D502005FF927;
			productRefGroup = 8D472A1725B4D502005FF927 /* Products */;
			projectDirPath = "";
			projectRoot = "";
			targets = (
				8D472A1525B4D502005FF927 /* Project19 */,
				8D472A3125B4D6A1005FF927 /* Extension */,
			);
		};
/* End PBXProject section */

/* Begin PBXResourcesBuildPhase section */
		8D472A1425B4D502005FF927 /* Resources */ = {
			isa = PBXResourcesBuildPhase;
			buildActionMask = 2147483647;
			files = (
				8D472A2625B4D502005FF927 /* LaunchScreen.storyboard in Resources */,
				8D472A2325B4D502005FF927 /* Assets.xcassets in Resources */,
				8D472A2125B4D502005FF927 /* Main.storyboard in Resources */,
			);
			runOnlyForDeploymentPostprocessing = 0;
		};
		8D472A3025B4D6A1005FF927 /* Resources */ = {
			isa = PBXResourcesBuildPhase;
			buildActionMask = 2147483647;
			files = (
				8D472A4625B4DBC9005FF927 /* Action.js in Resources */,
				8D472A3525B4D6A2005FF927 /* Media.xcassets in Resources */,
				8D472A3A25B4D6A2005FF927 /* MainInterface.storyboard in Resources */,
			);
			runOnlyForDeploymentPostprocessing = 0;
		};
/* End PBXResourcesBuildPhase section */

/* Begin PBXSourcesBuildPhase section */
		8D472A1225B4D502005FF927 /* Sources */ = {
			isa = PBXSourcesBuildPhase;
			buildActionMask = 2147483647;
			files = (
				8D472A1E25B4D502005FF927 /* ViewController.swift in Sources */,
				8D472A1A25B4D502005FF927 /* AppDelegate.swift in Sources */,
				8D472A1C25B4D502005FF927 /* SceneDelegate.swift in Sources */,
			);
			runOnlyForDeploymentPostprocessing = 0;
		};
		8D472A2E25B4D6A1005FF927 /* Sources */ = {
			isa = PBXSourcesBuildPhase;
			buildActionMask = 2147483647;
			files = (
				8D472A3725B4D6A2005FF927 /* ActionViewController.swift in Sources */,
			);
			runOnlyForDeploymentPostprocessing = 0;
		};
/* End PBXSourcesBuildPhase section */

/* Begin PBXTargetDependency section */
		8D472A3D25B4D6A2005FF927 /* PBXTargetDependency */ = {
			isa = PBXTargetDependency;
			target = 8D472A3125B4D6A1005FF927 /* Extension */;
			targetProxy = 8D472A3C25B4D6A2005FF927 /* PBXContainerItemProxy */;
		};
/* End PBXTargetDependency section */

/* Begin PBXVariantGroup section */
		8D472A1F25B4D502005FF927 /* Main.storyboard */ = {
			isa = PBXVariantGroup;
			children = (
				8D472A2025B4D502005FF927 /* Base */,
			);
			name = Main.storyboard;
			sourceTree = "<group>";
		};
		8D472A2425B4D502005FF927 /* LaunchScreen.storyboard */ = {
			isa = PBXVariantGroup;
			children = (
				8D472A2525B4D502005FF927 /* Base */,
			);
			name = LaunchScreen.storyboard;
			sourceTree = "<group>";
		};
		8D472A3825B4D6A2005FF927 /* MainInterface.storyboard */ = {
			isa = PBXVariantGroup;
			children = (
				8D472A3925B4D6A2005FF927 /* Base */,
			);
			name = MainInterface.storyboard;
			sourceTree = "<group>";
		};
/* End PBXVariantGroup section */

/* Begin XCBuildConfiguration section */
		8D472A2825B4D502005FF927 /* Debug */ = {
			isa = XCBuildConfiguration;
			buildSettings = {
				ALWAYS_SEARCH_USER_PATHS = NO;
				CLANG_ANALYZER_NONNULL = YES;
				CLANG_ANALYZER_NUMBER_OBJECT_CONVERSION = YES_AGGRESSIVE;
				CLANG_CXX_LANGUAGE_STANDARD = "gnu++14";
				CLANG_CXX_LIBRARY = "libc++";
				CLANG_ENABLE_MODULES = YES;
				CLANG_ENABLE_OBJC_ARC = YES;
				CLANG_ENABLE_OBJC_WEAK = YES;
				CLANG_WARN_BLOCK_CAPTURE_AUTORELEASING = YES;
				CLANG_WARN_BOOL_CONVERSION = YES;
				CLANG_WARN_COMMA = YES;
				CLANG_WARN_CONSTANT_CONVERSION = YES;
				CLANG_WARN_DEPRECATED_OBJC_IMPLEMENTATIONS = YES;
				CLANG_WARN_DIRECT_OBJC_ISA_USAGE = YES_ERROR;
				CLANG_WARN_DOCUMENTATION_COMMENTS = YES;
				CLANG_WARN_EMPTY_BODY = YES;
				CLANG_WARN_ENUM_CONVERSION = YES;
				CLANG_WARN_INFINITE_RECURSION = YES;
				CLANG_WARN_INT_CONVERSION = YES;
				CLANG_WARN_NON_LITERAL_NULL_CONVERSION = YES;
				CLANG_WARN_OBJC_IMPLICIT_RETAIN_SELF = YES;
				CLANG_WARN_OBJC_LITERAL_CONVERSION = YES;
				CLANG_WARN_OBJC_ROOT_CLASS = YES_ERROR;
				CLANG_WARN_QUOTED_INCLUDE_IN_FRAMEWORK_HEADER = YES;
				CLANG_WARN_RANGE_LOOP_ANALYSIS = YES;
				CLANG_WARN_STRICT_PROTOTYPES = YES;
				CLANG_WARN_SUSPICIOUS_MOVE = YES;
				CLANG_WARN_UNGUARDED_AVAILABILITY = YES_AGGRESSIVE;
				CLANG_WARN_UNREACHABLE_CODE = YES;
				CLANG_WARN__DUPLICATE_METHOD_MATCH = YES;
				COPY_PHASE_STRIP = NO;
				DEBUG_INFORMATION_FORMAT = dwarf;
				ENABLE_STRICT_OBJC_MSGSEND = YES;
				ENABLE_TESTABILITY = YES;
				GCC_C_LANGUAGE_STANDARD = gnu11;
				GCC_DYNAMIC_NO_PIC = NO;
				GCC_NO_COMMON_BLOCKS = YES;
				GCC_OPTIMIZATION_LEVEL = 0;
				GCC_PREPROCESSOR_DEFINITIONS = (
					"DEBUG=1",
					"$(inherited)",
				);
				GCC_WARN_64_TO_32_BIT_CONVERSION = YES;
				GCC_WARN_ABOUT_RETURN_TYPE = YES_ERROR;
				GCC_WARN_UNDECLARED_SELECTOR = YES;
				GCC_WARN_UNINITIALIZED_AUTOS = YES_AGGRESSIVE;
				GCC_WARN_UNUSED_FUNCTION = YES;
				GCC_WARN_UNUSED_VARIABLE = YES;
				IPHONEOS_DEPLOYMENT_TARGET = 14.3;
				MTL_ENABLE_DEBUG_INFO = INCLUDE_SOURCE;
				MTL_FAST_MATH = YES;
				ONLY_ACTIVE_ARCH = YES;
				SDKROOT = iphoneos;
				SWIFT_ACTIVE_COMPILATION_CONDITIONS = DEBUG;
				SWIFT_OPTIMIZATION_LEVEL = "-Onone";
			};
			name = Debug;
		};
		8D472A2925B4D502005FF927 /* Release */ = {
			isa = XCBuildConfiguration;
			buildSettings = {
				ALWAYS_SEARCH_USER_PATHS = NO;
				CLANG_ANALYZER_NONNULL = YES;
				CLANG_ANALYZER_NUMBER_OBJECT_CONVERSION = YES_AGGRESSIVE;
				CLANG_CXX_LANGUAGE_STANDARD = "gnu++14";
				CLANG_CXX_LIBRARY = "libc++";
				CLANG_ENABLE_MODULES = YES;
				CLANG_ENABLE_OBJC_ARC = YES;
				CLANG_ENABLE_OBJC_WEAK = YES;
				CLANG_WARN_BLOCK_CAPTURE_AUTORELEASING = YES;
				CLANG_WARN_BOOL_CONVERSION = YES;
				CLANG_WARN_COMMA = YES;
				CLANG_WARN_CONSTANT_CONVERSION = YES;
				CLANG_WARN_DEPRECATED_OBJC_IMPLEMENTATIONS = YES;
				CLANG_WARN_DIRECT_OBJC_ISA_USAGE = YES_ERROR;
				CLANG_WARN_DOCUMENTATION_COMMENTS = YES;
				CLANG_WARN_EMPTY_BODY = YES;
				CLANG_WARN_ENUM_CONVERSION = YES;
				CLANG_WARN_INFINITE_RECURSION = YES;
				CLANG_WARN_INT_CONVERSION = YES;
				CLANG_WARN_NON_LITERAL_NULL_CONVERSION = YES;
				CLANG_WARN_OBJC_IMPLICIT_RETAIN_SELF = YES;
				CLANG_WARN_OBJC_LITERAL_CONVERSION = YES;
				CLANG_WARN_OBJC_ROOT_CLASS = YES_ERROR;
				CLANG_WARN_QUOTED_INCLUDE_IN_FRAMEWORK_HEADER = YES;
				CLANG_WARN_RANGE_LOOP_ANALYSIS = YES;
				CLANG_WARN_STRICT_PROTOTYPES = YES;
				CLANG_WARN_SUSPICIOUS_MOVE = YES;
				CLANG_WARN_UNGUARDED_AVAILABILITY = YES_AGGRESSIVE;
				CLANG_WARN_UNREACHABLE_CODE = YES;
				CLANG_WARN__DUPLICATE_METHOD_MATCH = YES;
				COPY_PHASE_STRIP = NO;
				DEBUG_INFORMATION_FORMAT = "dwarf-with-dsym";
				ENABLE_NS_ASSERTIONS = NO;
				ENABLE_STRICT_OBJC_MSGSEND = YES;
				GCC_C_LANGUAGE_STANDARD = gnu11;
				GCC_NO_COMMON_BLOCKS = YES;
				GCC_WARN_64_TO_32_BIT_CONVERSION = YES;
				GCC_WARN_ABOUT_RETURN_TYPE = YES_ERROR;
				GCC_WARN_UNDECLARED_SELECTOR = YES;
				GCC_WARN_UNINITIALIZED_AUTOS = YES_AGGRESSIVE;
				GCC_WARN_UNUSED_FUNCTION = YES;
				GCC_WARN_UNUSED_VARIABLE = YES;
				IPHONEOS_DEPLOYMENT_TARGET = 14.3;
				MTL_ENABLE_DEBUG_INFO = NO;
				MTL_FAST_MATH = YES;
				SDKROOT = iphoneos;
				SWIFT_COMPILATION_MODE = wholemodule;
				SWIFT_OPTIMIZATION_LEVEL = "-O";
				VALIDATE_PRODUCT = YES;
			};
			name = Release;
		};
		8D472A2B25B4D502005FF927 /* Debug */ = {
			isa = XCBuildConfiguration;
			buildSettings = {
				ALWAYS_EMBED_SWIFT_STANDARD_LIBRARIES = YES;
				ASSETCATALOG_COMPILER_APPICON_NAME = AppIcon;
				ASSETCATALOG_COMPILER_GLOBAL_ACCENT_COLOR_NAME = AccentColor;
				CODE_SIGN_STYLE = Automatic;
				DEVELOPMENT_TEAM = W59YFRW7LJ;
				INFOPLIST_FILE = Project19/Info.plist;
				LD_RUNPATH_SEARCH_PATHS = (
					"$(inherited)",
					"@executable_path/Frameworks",
				);
				PRODUCT_BUNDLE_IDENTIFIER = net.mrcos.Project19;
				PRODUCT_NAME = "$(TARGET_NAME)";
				SWIFT_VERSION = 5.0;
				TARGETED_DEVICE_FAMILY = "1,2";
			};
			name = Debug;
		};
		8D472A2C25B4D502005FF927 /* Release */ = {
			isa = XCBuildConfiguration;
			buildSettings = {
				ALWAYS_EMBED_SWIFT_STANDARD_LIBRARIES = YES;
				ASSETCATALOG_COMPILER_APPICON_NAME = AppIcon;
				ASSETCATALOG_COMPILER_GLOBAL_ACCENT_COLOR_NAME = AccentColor;
				CODE_SIGN_STYLE = Automatic;
				DEVELOPMENT_TEAM = W59YFRW7LJ;
				INFOPLIST_FILE = Project19/Info.plist;
				LD_RUNPATH_SEARCH_PATHS = (
					"$(inherited)",
					"@executable_path/Frameworks",
				);
				PRODUCT_BUNDLE_IDENTIFIER = net.mrcos.Project19;
				PRODUCT_NAME = "$(TARGET_NAME)";
				SWIFT_VERSION = 5.0;
				TARGETED_DEVICE_FAMILY = "1,2";
			};
			name = Release;
		};
		8D472A4025B4D6A2005FF927 /* Debug */ = {
			isa = XCBuildConfiguration;
			buildSettings = {
				CODE_SIGN_STYLE = Automatic;
				DEVELOPMENT_TEAM = W59YFRW7LJ;
				INFOPLIST_FILE = Extension/Info.plist;
				LD_RUNPATH_SEARCH_PATHS = (
					"$(inherited)",
					"@executable_path/Frameworks",
					"@executable_path/../../Frameworks",
				);
				PRODUCT_BUNDLE_IDENTIFIER = net.mrcos.Project19.Extension;
				PRODUCT_NAME = "$(TARGET_NAME)";
				SKIP_INSTALL = YES;
				SWIFT_VERSION = 5.0;
				TARGETED_DEVICE_FAMILY = "1,2";
			};
			name = Debug;
		};
		8D472A4125B4D6A2005FF927 /* Release */ = {
			isa = XCBuildConfiguration;
			buildSettings = {
				CODE_SIGN_STYLE = Automatic;
				DEVELOPMENT_TEAM = W59YFRW7LJ;
				INFOPLIST_FILE = Extension/Info.plist;
				LD_RUNPATH_SEARCH_PATHS = (
					"$(inherited)",
					"@executable_path/Frameworks",
					"@executable_path/../../Frameworks",
				);
				PRODUCT_BUNDLE_IDENTIFIER = net.mrcos.Project19.Extension;
				PRODUCT_NAME = "$(TARGET_NAME)";
				SKIP_INSTALL = YES;
				SWIFT_VERSION = 5.0;
				TARGETED_DEVICE_FAMILY = "1,2";
			};
			name = Release;
		};
/* End XCBuildConfiguration section */

/* Begin XCConfigurationList section */
		8D472A1125B4D502005FF927 /* Build configuration list for PBXProject "Project19" */ = {
			isa = XCConfigurationList;
			buildConfigurations = (
				8D472A2825B4D502005FF927 /* Debug */,
				8D472A2925B4D502005FF927 /* Release */,
			);
			defaultConfigurationIsVisible = 0;
			defaultConfigurationName = Release;
		};
		8D472A2A25B4D502005FF927 /* Build configuration list for PBXNativeTarget "Project19" */ = {
			isa = XCConfigurationList;
			buildConfigurations = (
				8D472A2B25B4D502005FF927 /* Debug */,
				8D472A2C25B4D502005FF927 /* Release */,
			);
			defaultConfigurationIsVisible = 0;
			defaultConfigurationName = Release;
		};
		8D472A3F25B4D6A2005FF927 /* Build configuration list for PBXNativeTarget "Extension" */ = {
			isa = XCConfigurationList;
			buildConfigurations = (
				8D472A4025B4D6A2005FF927 /* Debug */,
				8D472A4125B4D6A2005FF927 /* Release */,
			);
			defaultConfigurationIsVisible = 0;
			defaultConfigurationName = Release;
		};
/* End XCConfigurationList section */
	};
	rootObject = 8D472A0E25B4D502005FF927 /* Project object */;
}
